
Microsoft Visual Studio Solution File, Format Version 12.00
# Visual Studio Version 17
VisualStudioVersion = 17.11.35222.181
MinimumVisualStudioVersion = 10.0.40219.1
Project("{FAE04EC0-301F-11D3-BF4B-00C04F79EFBC}") = "BloggingAPI", "BloggingAPI.csproj", "{CAA9A716-B81D-4B2A-BAAC-F30408B9C3E5}"
EndProject
Project("{FAE04EC0-301F-11D3-BF4B-00C04F79EFBC}") = "BloggingAPI.Models", "..\BloggingAPI.Models\BloggingAPI.Models.csproj", "{5A6D6DB5-27F7-4E52-9688-D85730C9F1D2}"
EndProject
Project("{FAE04EC0-301F-11D3-BF4B-00C04F79EFBC}") = "BloggingAPI.Data", "..\BloggingAPI.Data\BloggingAPI.Data.csproj", "{071428F0-D3C7-4BA5-9057-A16D958A2F72}"
EndProject
Global
	GlobalSection(SolutionConfigurationPlatforms) = preSolution
		Debug|Any CPU = Debug|Any CPU
		Release|Any CPU = Release|Any CPU
	EndGlobalSection
	GlobalSection(ProjectConfigurationPlatforms) = postSolution
		{CAA9A716-B81D-4B2A-BAAC-F30408B9C3E5}.Debug|Any CPU.ActiveCfg = Debug|Any CPU
		{CAA9A716-B81D-4B2A-BAAC-F30408B9C3E5}.Debug|Any CPU.Build.0 = Debug|Any CPU
		{CAA9A716-B81D-4B2A-BAAC-F30408B9C3E5}.Release|Any CPU.ActiveCfg = Release|Any CPU
		{CAA9A716-B81D-4B2A-BAAC-F30408B9C3E5}.Release|Any CPU.Build.0 = Release|Any CPU
		{5A6D6DB5-27F7-4E52-9688-D85730C9F1D2}.Debug|Any CPU.ActiveCfg = Debug|Any CPU
		{5A6D6DB5-27F7-4E52-9688-D85730C9F1D2}.Debug|Any CPU.Build.0 = Debug|Any CPU
		{5A6D6DB5-27F7-4E52-9688-D85730C9F1D2}.Release|Any CPU.ActiveCfg = Release|Any CPU
		{5A6D6DB5-27F7-4E52-9688-D85730C9F1D2}.Release|Any CPU.Build.0 = Release|Any CPU
		{071428F0-D3C7-4BA5-9057-A16D958A2F72}.Debug|Any CPU.ActiveCfg = Debug|Any CPU
		{071428F0-D3C7-4BA5-9057-A16D958A2F72}.Debug|Any CPU.Build.0 = Debug|Any CPU
		{071428F0-D3C7-4BA5-9057-A16D958A2F72}.Release|Any CPU.ActiveCfg = Release|Any CPU
		{071428F0-D3C7-4BA5-9057-A16D958A2F72}.Release|Any CPU.Build.0 = Release|Any CPU
	EndGlobalSection
	GlobalSection(SolutionProperties) = preSolution
		HideSolutionNode = FALSE
	EndGlobalSection
	GlobalSection(ExtensibilityGlobals) = postSolution
		SolutionGuid = {F140B6D0-9C0E-47AB-97E1-90B87AA5135E}
	EndGlobalSection
EndGlobal
